
Microsoft Visual Studio Solution File, Format Version 12.00
# Visual Studio Version 17
VisualStudioVersion = 17.8.34330.188
MinimumVisualStudioVersion = 10.0.40219.1
Project("{9A19103F-16F7-4668-BE54-9A1E7A4F7556}") = "Fourier", "Fourier\Fourier.csproj", "{95545034-E4AF-4EAA-A8EF-FEB635511C71}"
EndProject
Project("{FAE04EC0-301F-11D3-BF4B-00C04F79EFBC}") = "Fourier_Balancer", "Fourier_Balancer\Fourier_Balancer.csproj", "{CD04A209-F1A0-45C5-A2E7-5CF5066432D5}"
EndProject
Global
	GlobalSection(SolutionConfigurationPlatforms) = preSolution
		Debug|Any CPU = Debug|Any CPU
		Release|Any CPU = Release|Any CPU
	EndGlobalSection
	GlobalSection(ProjectConfigurationPlatforms) = postSolution
		{95545034-E4AF-4EAA-A8EF-FEB635511C71}.Debug|Any CPU.ActiveCfg = Debug|Any CPU
		{95545034-E4AF-4EAA-A8EF-FEB635511C71}.Debug|Any CPU.Build.0 = Debug|Any CPU
		{95545034-E4AF-4EAA-A8EF-FEB635511C71}.Release|Any CPU.ActiveCfg = Release|Any CPU
		{95545034-E4AF-4EAA-A8EF-FEB635511C71}.Release|Any CPU.Build.0 = Release|Any CPU
		{CD04A209-F1A0-45C5-A2E7-5CF5066432D5}.Debug|Any CPU.ActiveCfg = Debug|Any CPU
		{CD04A209-F1A0-45C5-A2E7-5CF5066432D5}.Debug|Any CPU.Build.0 = Debug|Any CPU
		{CD04A209-F1A0-45C5-A2E7-5CF5066432D5}.Release|Any CPU.ActiveCfg = Release|Any CPU
		{CD04A209-F1A0-45C5-A2E7-5CF5066432D5}.Release|Any CPU.Build.0 = Release|Any CPU
	EndGlobalSection
	GlobalSection(SolutionProperties) = preSolution
		HideSolutionNode = FALSE
	EndGlobalSection
	GlobalSection(ExtensibilityGlobals) = postSolution
		SolutionGuid = {51286965-244A-4AEA-9C2F-9AB99C1F6657}
	EndGlobalSection
EndGlobal
